
Microsoft Visual Studio Solution File, Format Version 12.00
# Visual Studio Version 16
VisualStudioVersion = 16.0.29418.71
MinimumVisualStudioVersion = 10.0.40219.1
Project("{9A19103F-16F7-4668-BE54-9A1E7A4F7556}") = "ItechartProj", "ItechartProj\ItechartProj.csproj", "{A2F14FB7-CEE5-4165-B192-2EEAEA397D25}"
EndProject
Project("{9A19103F-16F7-4668-BE54-9A1E7A4F7556}") = "ItechartProj.DAL", "ItechartProj.DAL\ItechartProj.DAL.csproj", "{0417682C-F11A-4878-9050-7B7E3EEE2D1A}"
EndProject
Project("{FAE04EC0-301F-11D3-BF4B-00C04F79EFBC}") = "ItechartProj.Services", "ItechartProj.Services\ItechartProj.Services.csproj", "{C2B040F2-718E-4773-ACEF-6D6AC898198A}"
EndProject
Global
	GlobalSection(SolutionConfigurationPlatforms) = preSolution
		Debug|Any CPU = Debug|Any CPU
		Release|Any CPU = Release|Any CPU
	EndGlobalSection
	GlobalSection(ProjectConfigurationPlatforms) = postSolution
		{A2F14FB7-CEE5-4165-B192-2EEAEA397D25}.Debug|Any CPU.ActiveCfg = Debug|Any CPU
		{A2F14FB7-CEE5-4165-B192-2EEAEA397D25}.Debug|Any CPU.Build.0 = Debug|Any CPU
		{A2F14FB7-CEE5-4165-B192-2EEAEA397D25}.Release|Any CPU.ActiveCfg = Release|Any CPU
		{A2F14FB7-CEE5-4165-B192-2EEAEA397D25}.Release|Any CPU.Build.0 = Release|Any CPU
		{0417682C-F11A-4878-9050-7B7E3EEE2D1A}.Debug|Any CPU.ActiveCfg = Debug|Any CPU
		{0417682C-F11A-4878-9050-7B7E3EEE2D1A}.Debug|Any CPU.Build.0 = Debug|Any CPU
		{0417682C-F11A-4878-9050-7B7E3EEE2D1A}.Release|Any CPU.ActiveCfg = Release|Any CPU
		{0417682C-F11A-4878-9050-7B7E3EEE2D1A}.Release|Any CPU.Build.0 = Release|Any CPU
		{C2B040F2-718E-4773-ACEF-6D6AC898198A}.Debug|Any CPU.ActiveCfg = Debug|Any CPU
		{C2B040F2-718E-4773-ACEF-6D6AC898198A}.Debug|Any CPU.Build.0 = Debug|Any CPU
		{C2B040F2-718E-4773-ACEF-6D6AC898198A}.Release|Any CPU.ActiveCfg = Release|Any CPU
		{C2B040F2-718E-4773-ACEF-6D6AC898198A}.Release|Any CPU.Build.0 = Release|Any CPU
	EndGlobalSection
	GlobalSection(SolutionProperties) = preSolution
		HideSolutionNode = FALSE
	EndGlobalSection
	GlobalSection(ExtensibilityGlobals) = postSolution
		SolutionGuid = {E7E7CB1C-DAD6-4091-BBC3-9036D6A37BFF}
	EndGlobalSection
EndGlobal
